// !$*UTF8*$!
{
	archiveVersion = 1;
	classes = {
	};
	objectVersion = 48;
	objects = {

/* Begin PBXBuildFile section */
		175026C5206BCC310056ED14 /* AppDelegate.swift in Sources */ = {isa = PBXBuildFile; fileRef = 175026C4206BCC310056ED14 /* AppDelegate.swift */; };
		175026C7206BCC310056ED14 /* Assets.xcassets in Resources */ = {isa = PBXBuildFile; fileRef = 175026C6206BCC310056ED14 /* Assets.xcassets */; };
		175026CA206BCC310056ED14 /* MainMenu.xib in Resources */ = {isa = PBXBuildFile; fileRef = 175026C8206BCC310056ED14 /* MainMenu.xib */; };
		175026D6206BCC310056ED14 /* SourceEditorExtensionTests.swift in Sources */ = {isa = PBXBuildFile; fileRef = 175026D5206BCC310056ED14 /* SourceEditorExtensionTests.swift */; };
/* End PBXBuildFile section */

/* Begin PBXContainerItemProxy section */
		175026D2206BCC310056ED14 /* PBXContainerItemProxy */ = {
			isa = PBXContainerItemProxy;
			containerPortal = 175026B9206BCC310056ED14 /* Project object */;
			proxyType = 1;
			remoteGlobalIDString = 175026C0206BCC310056ED14;
			remoteInfo = SourceEditorExtension;
		};
/* End PBXContainerItemProxy section */

/* Begin PBXFileReference section */
		175026C1206BCC310056ED14 /* SourceEditorExtension.app */ = {isa = PBXFileReference; explicitFileType = wrapper.application; includeInIndex = 0; path = SourceEditorExtension.app; sourceTree = BUILT_PRODUCTS_DIR; };
		175026C4206BCC310056ED14 /* AppDelegate.swift */ = {isa = PBXFileReference; lastKnownFileType = sourcecode.swift; path = AppDelegate.swift; sourceTree = "<group>"; };
		175026C6206BCC310056ED14 /* Assets.xcassets */ = {isa = PBXFileReference; lastKnownFileType = folder.assetcatalog; path = Assets.xcassets; sourceTree = "<group>"; };
		175026C9206BCC310056ED14 /* Base */ = {isa = PBXFileReference; lastKnownFileType = file.xib; name = Base; path = Base.lproj/MainMenu.xib; sourceTree = "<group>"; };
		175026CB206BCC310056ED14 /* Info.plist */ = {isa = PBXFileReference; lastKnownFileType = text.plist.xml; path = Info.plist; sourceTree = "<group>"; };
		175026CC206BCC310056ED14 /* SourceEditorExtension.entitlements */ = {isa = PBXFileReference; lastKnownFileType = text.plist.entitlements; path = SourceEditorExtension.entitlements; sourceTree = "<group>"; };
		175026D1206BCC310056ED14 /* SourceEditorExtensionTests.xctest */ = {isa = PBXFileReference; explicitFileType = wrapper.cfbundle; includeInIndex = 0; path = SourceEditorExtensionTests.xctest; sourceTree = BUILT_PRODUCTS_DIR; };
		175026D5206BCC310056ED14 /* SourceEditorExtensionTests.swift */ = {isa = PBXFileReference; lastKnownFileType = sourcecode.swift; path = SourceEditorExtensionTests.swift; sourceTree = "<group>"; };
		175026D7206BCC310056ED14 /* Info.plist */ = {isa = PBXFileReference; lastKnownFileType = text.plist.xml; path = Info.plist; sourceTree = "<group>"; };
/* End PBXFileReference section */

/* Begin PBXFrameworksBuildPhase section */
		175026BE206BCC310056ED14 /* Frameworks */ = {
			isa = PBXFrameworksBuildPhase;
			buildActionMask = 2147483647;
			files = (
			);
			runOnlyForDeploymentPostprocessing = 0;
		};
		175026CE206BCC310056ED14 /* Frameworks */ = {
			isa = PBXFrameworksBuildPhase;
			buildActionMask = 2147483647;
			files = (
			);
			runOnlyForDeploymentPostprocessing = 0;
		};
/* End PBXFrameworksBuildPhase section */

/* Begin PBXGroup section */
		175026B8206BCC310056ED14 = {
			isa = PBXGroup;
			children = (
				175026C3206BCC310056ED14 /* SourceEditorExtension */,
				175026D4206BCC310056ED14 /* SourceEditorExtensionTests */,
				175026C2206BCC310056ED14 /* Products */,
			);
			sourceTree = "<group>";
		};
		175026C2206BCC310056ED14 /* Products */ = {
			isa = PBXGroup;
			children = (
				175026C1206BCC310056ED14 /* SourceEditorExtension.app */,
				175026D1206BCC310056ED14 /* SourceEditorExtensionTests.xctest */,
			);
			name = Products;
			sourceTree = "<group>";
		};
		175026C3206BCC310056ED14 /* SourceEditorExtension */ = {
			isa = PBXGroup;
			children = (
				175026C4206BCC310056ED14 /* AppDelegate.swift */,
				175026C6206BCC310056ED14 /* Assets.xcassets */,
				175026C8206BCC310056ED14 /* MainMenu.xib */,
				175026CB206BCC310056ED14 /* Info.plist */,
				175026CC206BCC310056ED14 /* SourceEditorExtension.entitlements */,
			);
			path = SourceEditorExtension;
			sourceTree = "<group>";
		};
		175026D4206BCC310056ED14 /* SourceEditorExtensionTests */ = {
			isa = PBXGroup;
			children = (
				175026D5206BCC310056ED14 /* SourceEditorExtensionTests.swift */,
				175026D7206BCC310056ED14 /* Info.plist */,
			);
			path = SourceEditorExtensionTests;
			sourceTree = "<group>";
		};
/* End PBXGroup section */

/* Begin PBXNativeTarget section */
		175026C0206BCC310056ED14 /* SourceEditorExtension */ = {
			isa = PBXNativeTarget;
			buildConfigurationList = 175026DA206BCC310056ED14 /* Build configuration list for PBXNativeTarget "SourceEditorExtension" */;
			buildPhases = (
				175026BD206BCC310056ED14 /* Sources */,
				175026BE206BCC310056ED14 /* Frameworks */,
				175026BF206BCC310056ED14 /* Resources */,
			);
			buildRules = (
			);
			dependencies = (
			);
			name = SourceEditorExtension;
			productName = SourceEditorExtension;
			productReference = 175026C1206BCC310056ED14 /* SourceEditorExtension.app */;
			productType = "com.apple.product-type.application";
		};
		175026D0206BCC310056ED14 /* SourceEditorExtensionTests */ = {
			isa = PBXNativeTarget;
			buildConfigurationList = 175026DD206BCC310056ED14 /* Build configuration list for PBXNativeTarget "SourceEditorExtensionTests" */;
			buildPhases = (
				175026CD206BCC310056ED14 /* Sources */,
				175026CE206BCC310056ED14 /* Frameworks */,
				175026CF206BCC310056ED14 /* Resources */,
			);
			buildRules = (
			);
			dependencies = (
				175026D3206BCC310056ED14 /* PBXTargetDependency */,
			);
			name = SourceEditorExtensionTests;
			productName = SourceEditorExtensionTests;
			productReference = 175026D1206BCC310056ED14 /* SourceEditorExtensionTests.xctest */;
			productType = "com.apple.product-type.bundle.unit-test";
		};
/* End PBXNativeTarget section */

/* Begin PBXProject section */
		175026B9206BCC310056ED14 /* Project object */ = {
			isa = PBXProject;
			attributes = {
				LastSwiftUpdateCheck = 0920;
				LastUpgradeCheck = 0920;
				ORGANIZATIONNAME = shindyu;
				TargetAttributes = {
					175026C0206BCC310056ED14 = {
						CreatedOnToolsVersion = 9.2;
						ProvisioningStyle = Automatic;
					};
					175026D0206BCC310056ED14 = {
						CreatedOnToolsVersion = 9.2;
						ProvisioningStyle = Automatic;
						TestTargetID = 175026C0206BCC310056ED14;
					};
				};
			};
			buildConfigurationList = 175026BC206BCC310056ED14 /* Build configuration list for PBXProject "SourceEditorExtension" */;
			compatibilityVersion = "Xcode 8.0";
			developmentRegion = en;
			hasScannedForEncodings = 0;
			knownRegions = (
				en,
				Base,
			);
			mainGroup = 175026B8206BCC310056ED14;
			productRefGroup = 175026C2206BCC310056ED14 /* Products */;
			projectDirPath = "";
			projectRoot = "";
			targets = (
				175026C0206BCC310056ED14 /* SourceEditorExtension */,
				175026D0206BCC310056ED14 /* SourceEditorExtensionTests */,
			);
		};
/* End PBXProject section */

/* Begin PBXResourcesBuildPhase section */
		175026BF206BCC310056ED14 /* Resources */ = {
			isa = PBXResourcesBuildPhase;
			buildActionMask = 2147483647;
			files = (
				175026C7206BCC310056ED14 /* Assets.xcassets in Resources */,
				175026CA206BCC310056ED14 /* MainMenu.xib in Resources */,
			);
			runOnlyForDeploymentPostprocessing = 0;
		};
		175026CF206BCC310056ED14 /* Resources */ = {
			isa = PBXResourcesBuildPhase;
			buildActionMask = 2147483647;
			files = (
			);
			runOnlyForDeploymentPostprocessing = 0;
		};
/* End PBXResourcesBuildPhase section */

/* Begin PBXSourcesBuildPhase section */
		175026BD206BCC310056ED14 /* Sources */ = {
			isa = PBXSourcesBuildPhase;
			buildActionMask = 2147483647;
			files = (
				175026C5206BCC310056ED14 /* AppDelegate.swift in Sources */,
			);
			runOnlyForDeploymentPostprocessing = 0;
		};
		175026CD206BCC310056ED14 /* Sources */ = {
			isa = PBXSourcesBuildPhase;
			buildActionMask = 2147483647;
			files = (
				175026D6206BCC310056ED14 /* SourceEditorExtensionTests.swift in Sources */,
			);
			runOnlyForDeploymentPostprocessing = 0;
		};
/* End PBXSourcesBuildPhase section */

/* Begin PBXTargetDependency section */
		175026D3206BCC310056ED14 /* PBXTargetDependency */ = {
			isa = PBXTargetDependency;
			target = 175026C0206BCC310056ED14 /* SourceEditorExtension */;
			targetProxy = 175026D2206BCC310056ED14 /* PBXContainerItemProxy */;
		};
/* End PBXTargetDependency section */

/* Begin PBXVariantGroup section */
		175026C8206BCC310056ED14 /* MainMenu.xib */ = {
			isa = PBXVariantGroup;
			children = (
				175026C9206BCC310056ED14 /* Base */,
			);
			name = MainMenu.xib;
			sourceTree = "<group>";
		};
/* End PBXVariantGroup section */

/* Begin XCBuildConfiguration section */
		175026D8206BCC310056ED14 /* Debug */ = {
			isa = XCBuildConfiguration;
			buildSettings = {
				ALWAYS_SEARCH_USER_PATHS = NO;
				CLANG_ANALYZER_NONNULL = YES;
				CLANG_ANALYZER_NUMBER_OBJECT_CONVERSION = YES_AGGRESSIVE;
				CLANG_CXX_LANGUAGE_STANDARD = "gnu++14";
				CLANG_CXX_LIBRARY = "libc++";
				CLANG_ENABLE_MODULES = YES;
				CLANG_ENABLE_OBJC_ARC = YES;
				CLANG_WARN_BLOCK_CAPTURE_AUTORELEASING = YES;
				CLANG_WARN_BOOL_CONVERSION = YES;
				CLANG_WARN_COMMA = YES;
				CLANG_WARN_CONSTANT_CONVERSION = YES;
				CLANG_WARN_DIRECT_OBJC_ISA_USAGE = YES_ERROR;
				CLANG_WARN_DOCUMENTATION_COMMENTS = YES;
				CLANG_WARN_EMPTY_BODY = YES;
				CLANG_WARN_ENUM_CONVERSION = YES;
				CLANG_WARN_INFINITE_RECURSION = YES;
				CLANG_WARN_INT_CONVERSION = YES;
				CLANG_WARN_NON_LITERAL_NULL_CONVERSION = YES;
				CLANG_WARN_OBJC_LITERAL_CONVERSION = YES;
				CLANG_WARN_OBJC_ROOT_CLASS = YES_ERROR;
				CLANG_WARN_RANGE_LOOP_ANALYSIS = YES;
				CLANG_WARN_STRICT_PROTOTYPES = YES;
				CLANG_WARN_SUSPICIOUS_MOVE = YES;
				CLANG_WARN_UNGUARDED_AVAILABILITY = YES_AGGRESSIVE;
				CLANG_WARN_UNREACHABLE_CODE = YES;
				CLANG_WARN__DUPLICATE_METHOD_MATCH = YES;
				CODE_SIGN_IDENTITY = "Mac Developer";
				COPY_PHASE_STRIP = NO;
				DEBUG_INFORMATION_FORMAT = dwarf;
				ENABLE_STRICT_OBJC_MSGSEND = YES;
				ENABLE_TESTABILITY = YES;
				GCC_C_LANGUAGE_STANDARD = gnu11;
				GCC_DYNAMIC_NO_PIC = NO;
				GCC_NO_COMMON_BLOCKS = YES;
				GCC_OPTIMIZATION_LEVEL = 0;
				GCC_PREPROCESSOR_DEFINITIONS = (
					"DEBUG=1",
					"$(inherited)",
				);
				GCC_WARN_64_TO_32_BIT_CONVERSION = YES;
				GCC_WARN_ABOUT_RETURN_TYPE = YES_ERROR;
				GCC_WARN_UNDECLARED_SELECTOR = YES;
				GCC_WARN_UNINITIALIZED_AUTOS = YES_AGGRESSIVE;
				GCC_WARN_UNUSED_FUNCTION = YES;
				GCC_WARN_UNUSED_VARIABLE = YES;
				MACOSX_DEPLOYMENT_TARGET = 10.12;
				MTL_ENABLE_DEBUG_INFO = YES;
				ONLY_ACTIVE_ARCH = YES;
				SDKROOT = macosx;
				SWIFT_ACTIVE_COMPILATION_CONDITIONS = DEBUG;
				SWIFT_OPTIMIZATION_LEVEL = "-Onone";
			};
			name = Debug;
		};
		175026D9206BCC310056ED14 /* Release */ = {
			isa = XCBuildConfiguration;
			buildSettings = {
				ALWAYS_SEARCH_USER_PATHS = NO;
				CLANG_ANALYZER_NONNULL = YES;
				CLANG_ANALYZER_NUMBER_OBJECT_CONVERSION = YES_AGGRESSIVE;
				CLANG_CXX_LANGUAGE_STANDARD = "gnu++14";
				CLANG_CXX_LIBRARY = "libc++";
				CLANG_ENABLE_MODULES = YES;
				CLANG_ENABLE_OBJC_ARC = YES;
				CLANG_WARN_BLOCK_CAPTURE_AUTORELEASING = YES;
				CLANG_WARN_BOOL_CONVERSION = YES;
				CLANG_WARN_COMMA = YES;
				CLANG_WARN_CONSTANT_CONVERSION = YES;
				CLANG_WARN_DIRECT_OBJC_ISA_USAGE = YES_ERROR;
				CLANG_WARN_DOCUMENTATION_COMMENTS = YES;
				CLANG_WARN_EMPTY_BODY = YES;
				CLANG_WARN_ENUM_CONVERSION = YES;
				CLANG_WARN_INFINITE_RECURSION = YES;
				CLANG_WARN_INT_CONVERSION = YES;
				CLANG_WARN_NON_LITERAL_NULL_CONVERSION = YES;
				CLANG_WARN_OBJC_LITERAL_CONVERSION = YES;
				CLANG_WARN_OBJC_ROOT_CLASS = YES_ERROR;
				CLANG_WARN_RANGE_LOOP_ANALYSIS = YES;
				CLANG_WARN_STRICT_PROTOTYPES = YES;
				CLANG_WARN_SUSPICIOUS_MOVE = YES;
				CLANG_WARN_UNGUARDED_AVAILABILITY = YES_AGGRESSIVE;
				CLANG_WARN_UNREACHABLE_CODE = YES;
				CLANG_WARN__DUPLICATE_METHOD_MATCH = YES;
				CODE_SIGN_IDENTITY = "Mac Developer";
				COPY_PHASE_STRIP = NO;
				DEBUG_INFORMATION_FORMAT = "dwarf-with-dsym";
				ENABLE_NS_ASSERTIONS = NO;
				ENABLE_STRICT_OBJC_MSGSEND = YES;
				GCC_C_LANGUAGE_STANDARD = gnu11;
				GCC_NO_COMMON_BLOCKS = YES;
				GCC_WARN_64_TO_32_BIT_CONVERSION = YES;
				GCC_WARN_ABOUT_RETURN_TYPE = YES_ERROR;
				GCC_WARN_UNDECLARED_SELECTOR = YES;
				GCC_WARN_UNINITIALIZED_AUTOS = YES_AGGRESSIVE;
				GCC_WARN_UNUSED_FUNCTION = YES;
				GCC_WARN_UNUSED_VARIABLE = YES;
				MACOSX_DEPLOYMENT_TARGET = 10.12;
				MTL_ENABLE_DEBUG_INFO = NO;
				SDKROOT = macosx;
				SWIFT_OPTIMIZATION_LEVEL = "-Owholemodule";
			};
			name = Release;
		};
		175026DB206BCC310056ED14 /* Debug */ = {
			isa = XCBuildConfiguration;
			buildSettings = {
				ASSETCATALOG_COMPILER_APPICON_NAME = AppIcon;
				CODE_SIGN_ENTITLEMENTS = SourceEditorExtension/SourceEditorExtension.entitlements;
				CODE_SIGN_STYLE = Automatic;
				COMBINE_HIDPI_IMAGES = YES;
				DEVELOPMENT_TEAM = 9DK86E6NGL;
				INFOPLIST_FILE = SourceEditorExtension/Info.plist;
				LD_RUNPATH_SEARCH_PATHS = "$(inherited) @executable_path/../Frameworks";
				PRODUCT_BUNDLE_IDENTIFIER = shindyu.SourceEditorExtension;
				PRODUCT_NAME = "$(TARGET_NAME)";
				SWIFT_VERSION = 4.0;
			};
			name = Debug;
		};
		175026DC206BCC310056ED14 /* Release */ = {
			isa = XCBuildConfiguration;
			buildSettings = {
				ASSETCATALOG_COMPILER_APPICON_NAME = AppIcon;
				CODE_SIGN_ENTITLEMENTS = SourceEditorExtension/SourceEditorExtension.entitlements;
				CODE_SIGN_STYLE = Automatic;
				COMBINE_HIDPI_IMAGES = YES;
				DEVELOPMENT_TEAM = 9DK86E6NGL;
				INFOPLIST_FILE = SourceEditorExtension/Info.plist;
				LD_RUNPATH_SEARCH_PATHS = "$(inherited) @executable_path/../Frameworks";
				PRODUCT_BUNDLE_IDENTIFIER = shindyu.SourceEditorExtension;
				PRODUCT_NAME = "$(TARGET_NAME)";
				SWIFT_VERSION = 4.0;
			};
			name = Release;
		};
		175026DE206BCC310056ED14 /* Debug */ = {
			isa = XCBuildConfiguration;
			buildSettings = {
				ALWAYS_EMBED_SWIFT_STANDARD_LIBRARIES = YES;
				BUNDLE_LOADER = "$(TEST_HOST)";
				CODE_SIGN_STYLE = Automatic;
				COMBINE_HIDPI_IMAGES = YES;
				DEVELOPMENT_TEAM = 9DK86E6NGL;
				INFOPLIST_FILE = SourceEditorExtensionTests/Info.plist;
				LD_RUNPATH_SEARCH_PATHS = "$(inherited) @executable_path/../Frameworks @loader_path/../Frameworks";
				PRODUCT_BUNDLE_IDENTIFIER = shindyu.SourceEditorExtensionTests;
				PRODUCT_NAME = "$(TARGET_NAME)";
				SWIFT_VERSION = 4.0;
				TEST_HOST = "$(BUILT_PRODUCTS_DIR)/SourceEditorExtension.app/Contents/MacOS/SourceEditorExtension";
			};
			name = Debug;
		};
		175026DF206BCC310056ED14 /* Release */ = {
			isa = XCBuildConfiguration;
			buildSettings = {
				ALWAYS_EMBED_SWIFT_STANDARD_LIBRARIES = YES;
				BUNDLE_LOADER = "$(TEST_HOST)";
				CODE_SIGN_STYLE = Automatic;
				COMBINE_HIDPI_IMAGES = YES;
				DEVELOPMENT_TEAM = 9DK86E6NGL;
				INFOPLIST_FILE = SourceEditorExtensionTests/Info.plist;
				LD_RUNPATH_SEARCH_PATHS = "$(inherited) @executable_path/../Frameworks @loader_path/../Frameworks";
				PRODUCT_BUNDLE_IDENTIFIER = shindyu.SourceEditorExtensionTests;
				PRODUCT_NAME = "$(TARGET_NAME)";
				SWIFT_VERSION = 4.0;
				TEST_HOST = "$(BUILT_PRODUCTS_DIR)/SourceEditorExtension.app/Contents/MacOS/SourceEditorExtension";
			};
			name = Release;
		};
/* End XCBuildConfiguration section */

/* Begin XCConfigurationList section */
		175026BC206BCC310056ED14 /* Build configuration list for PBXProject "SourceEditorExtension" */ = {
			isa = XCConfigurationList;
			buildConfigurations = (
				175026D8206BCC310056ED14 /* Debug */,
				175026D9206BCC310056ED14 /* Release */,
			);
			defaultConfigurationIsVisible = 0;
			defaultConfigurationName = Release;
		};
		175026DA206BCC310056ED14 /* Build configuration list for PBXNativeTarget "SourceEditorExtension" */ = {
			isa = XCConfigurationList;
			buildConfigurations = (
				175026DB206BCC310056ED14 /* Debug */,
				175026DC206BCC310056ED14 /* Release */,
			);
			defaultConfigurationIsVisible = 0;
			defaultConfigurationName = Release;
		};
		175026DD206BCC310056ED14 /* Build configuration list for PBXNativeTarget "SourceEditorExtensionTests" */ = {
			isa = XCConfigurationList;
			buildConfigurations = (
				175026DE206BCC310056ED14 /* Debug */,
				175026DF206BCC310056ED14 /* Release */,
			);
			defaultConfigurationIsVisible = 0;
			defaultConfigurationName = Release;
		};
/* End XCConfigurationList section */
	};
	rootObject = 175026B9206BCC310056ED14 /* Project object */;
}
